
Microsoft Visual Studio Solution File, Format Version 12.00
# Visual Studio 15
VisualStudioVersion = 15.0.28307.1169
MinimumVisualStudioVersion = 10.0.40219.1
Project("{FAE04EC0-301F-11D3-BF4B-00C04F79EFBC}") = "FurryFriendRnR.UI", "FurryFriendRnR.UI\FurryFriendRnR.UI.csproj", "{BA04BBB4-9019-4C9D-BCB1-05C3B6B6D34C}"
EndProject
Project("{FAE04EC0-301F-11D3-BF4B-00C04F79EFBC}") = "FurryFriendRnR.DATA.EF", "FurryFriendRnR.DATA.EF\FurryFriendRnR.DATA.EF.csproj", "{860C0E6B-32D4-45EA-A4DA-DE1E11CC2973}"
EndProject
Global
	GlobalSection(SolutionConfigurationPlatforms) = preSolution
		Debug|Any CPU = Debug|Any CPU
		Release|Any CPU = Release|Any CPU
	EndGlobalSection
	GlobalSection(ProjectConfigurationPlatforms) = postSolution
		{BA04BBB4-9019-4C9D-BCB1-05C3B6B6D34C}.Debug|Any CPU.ActiveCfg = Debug|Any CPU
		{BA04BBB4-9019-4C9D-BCB1-05C3B6B6D34C}.Debug|Any CPU.Build.0 = Debug|Any CPU
		{BA04BBB4-9019-4C9D-BCB1-05C3B6B6D34C}.Release|Any CPU.ActiveCfg = Release|Any CPU
		{BA04BBB4-9019-4C9D-BCB1-05C3B6B6D34C}.Release|Any CPU.Build.0 = Release|Any CPU
		{860C0E6B-32D4-45EA-A4DA-DE1E11CC2973}.Debug|Any CPU.ActiveCfg = Debug|Any CPU
		{860C0E6B-32D4-45EA-A4DA-DE1E11CC2973}.Debug|Any CPU.Build.0 = Debug|Any CPU
		{860C0E6B-32D4-45EA-A4DA-DE1E11CC2973}.Release|Any CPU.ActiveCfg = Release|Any CPU
		{860C0E6B-32D4-45EA-A4DA-DE1E11CC2973}.Release|Any CPU.Build.0 = Release|Any CPU
	EndGlobalSection
	GlobalSection(SolutionProperties) = preSolution
		HideSolutionNode = FALSE
	EndGlobalSection
	GlobalSection(ExtensibilityGlobals) = postSolution
		SolutionGuid = {C02EB921-ED89-4B13-8CD2-34237E26481C}
	EndGlobalSection
EndGlobal
